
Microsoft Visual Studio Solution File, Format Version 12.00
# Visual Studio 2017
Project("{FAE04EC0-301F-11D3-BF4B-00C04F79EFBC}") = "1st Person", "1st Person.csproj", "{DEECA65F-7364-BC42-CD5F-75B442D79EF0}"
EndProject
Project("{FAE04EC0-301F-11D3-BF4B-00C04F79EFBC}") = "1st Person.Editor", "1st Person.Editor.csproj", "{C4D90E34-D80E-E898-93FF-B20C6C7F5FD3}"
EndProject
Global
	GlobalSection(SolutionConfigurationPlatforms) = preSolution
		Debug|Any CPU = Debug|Any CPU
		Release|Any CPU = Release|Any CPU
	EndGlobalSection
	GlobalSection(ProjectConfigurationPlatforms) = postSolution
		{DEECA65F-7364-BC42-CD5F-75B442D79EF0}.Debug|Any CPU.ActiveCfg = Debug|Any CPU
		{DEECA65F-7364-BC42-CD5F-75B442D79EF0}.Debug|Any CPU.Build.0 = Debug|Any CPU
		{DEECA65F-7364-BC42-CD5F-75B442D79EF0}.Release|Any CPU.ActiveCfg = Release|Any CPU
		{DEECA65F-7364-BC42-CD5F-75B442D79EF0}.Release|Any CPU.Build.0 = Release|Any CPU
		{C4D90E34-D80E-E898-93FF-B20C6C7F5FD3}.Debug|Any CPU.ActiveCfg = Debug|Any CPU
		{C4D90E34-D80E-E898-93FF-B20C6C7F5FD3}.Debug|Any CPU.Build.0 = Debug|Any CPU
		{C4D90E34-D80E-E898-93FF-B20C6C7F5FD3}.Release|Any CPU.ActiveCfg = Release|Any CPU
		{C4D90E34-D80E-E898-93FF-B20C6C7F5FD3}.Release|Any CPU.Build.0 = Release|Any CPU
	EndGlobalSection
	GlobalSection(SolutionProperties) = preSolution
		HideSolutionNode = FALSE
	EndGlobalSection
EndGlobal
